{
    "version": 3,
    "terraform_version": "0.9.11",
    "serial": 5,
    "lineage": "5ac240f8-5b99-4938-ac98-602305ede1bd",
    "modules": [
        {
            "path": [
                "root"
            ],
            "outputs": {
                "asg_name": {
                    "sensitive": false,
                    "type": "string",
                    "value": "tf-ecs-dev-blue00a25781295dbf2aba82857bc3"
                },
                "availabity_zones": {
                    "sensitive": false,
                    "type": "list",
                    "value": [
                        "us-east-1a",
                        "us-east-1b",
                        "us-east-1c",
                        "us-east-1d",
                        "us-east-1e",
                        "us-east-1f"
                    ]
                },
                "cloudwatch_log_group_prefix": {
                    "sensitive": false,
                    "type": "string",
                    "value": "tf-ecs-dev-blue/"
                },
                "cluster_id": {
                    "sensitive": false,
                    "type": "string",
                    "value": "arn:aws:ecs:us-east-1:814135279348:cluster/tf-ecs-dev-blue"
                },
                "ecs_role_arn": {
                    "sensitive": false,
                    "type": "string",
                    "value": "arn:aws:iam::814135279348:role/tf_ecs_role"
                },
                "public_listener_arns": {
                    "sensitive": false,
                    "type": "list",
                    "value": [
                        "arn:aws:elasticloadbalancing:us-east-1:814135279348:listener/app/public-dev-blue/a2b9e818e6cf8cd1/f5b697e106326cb0"
                    ]
                },
                "public_sg_id": {
                    "sensitive": false,
                    "type": "string",
                    "value": "sg-cf2ffdbf"
                },
                "public_subnet_ids": {
                    "sensitive": false,
                    "type": "list",
                    "value": [
                        "subnet-a30734eb",
                        "subnet-44d8ae1e"
                    ]
                },
                "vpc_cidr": {
                    "sensitive": false,
                    "type": "string",
                    "value": "10.100.0.0/16"
                },
                "vpc_id": {
                    "sensitive": false,
                    "type": "string",
                    "value": "vpc-abc58ed2"
                }
            },
            "resources": {},
            "depends_on": []
        },
        {
            "path": [
                "root",
                "amazon-amis"
            ],
            "outputs": {
                "ami_id": {
                    "sensitive": false,
                    "type": "string",
                    "value": "ami-d4c5efc2"
                },
                "image_user": {
                    "sensitive": false,
                    "type": "string",
                    "value": "ec2-user"
                }
            },
            "resources": {
                "data.aws_ami.amazon": {
                    "type": "aws_ami",
                    "depends_on": [],
                    "primary": {
                        "id": "ami-d4c5efc2",
                        "attributes": {
                            "architecture": "x86_64",
                            "block_device_mappings.#": "1",
                            "block_device_mappings.3607311014.device_name": "/dev/xvda",
                            "block_device_mappings.3607311014.ebs.%": "6",
                            "block_device_mappings.3607311014.ebs.delete_on_termination": "true",
                            "block_device_mappings.3607311014.ebs.encrypted": "false",
                            "block_device_mappings.3607311014.ebs.iops": "0",
                            "block_device_mappings.3607311014.ebs.snapshot_id": "snap-0520a34809c1d59f5",
                            "block_device_mappings.3607311014.ebs.volume_size": "8",
                            "block_device_mappings.3607311014.ebs.volume_type": "standard",
                            "block_device_mappings.3607311014.no_device": "",
                            "block_device_mappings.3607311014.virtual_name": "",
                            "creation_date": "2017-06-23T23:36:47.000Z",
                            "description": "Amazon Linux AMI 2017.03.1.20170623 x86_64 VPC NAT HVM EBS",
                            "filter.#": "4",
                            "filter.3298344342.name": "name",
                            "filter.3298344342.values.#": "1",
                            "filter.3298344342.values.0": "amzn-ami-vpc-nat*",
                            "filter.3386043752.name": "architecture",
                            "filter.3386043752.values.#": "1",
                            "filter.3386043752.values.0": "x86_64",
                            "filter.490168357.name": "virtualization-type",
                            "filter.490168357.values.#": "1",
                            "filter.490168357.values.0": "hvm",
                            "filter.574890044.name": "owner-alias",
                            "filter.574890044.values.#": "1",
                            "filter.574890044.values.0": "amazon",
                            "hypervisor": "xen",
                            "id": "ami-d4c5efc2",
                            "image_id": "ami-d4c5efc2",
                            "image_location": "amazon/amzn-ami-vpc-nat-hvm-2017.03.1.20170623-x86_64-ebs",
                            "image_owner_alias": "amazon",
                            "image_type": "machine",
                            "most_recent": "true",
                            "name": "amzn-ami-vpc-nat-hvm-2017.03.1.20170623-x86_64-ebs",
                            "owner_id": "137112412989",
                            "product_codes.#": "0",
                            "public": "true",
                            "root_device_name": "/dev/xvda",
                            "root_device_type": "ebs",
                            "sriov_net_support": "simple",
                            "state": "available",
                            "state_reason.%": "2",
                            "state_reason.code": "UNSET",
                            "state_reason.message": "UNSET",
                            "tags.#": "0",
                            "virtualization_type": "hvm"
                        },
                        "meta": {},
                        "tainted": false
                    },
                    "deposed": [],
                    "provider": ""
                }
            },
            "depends_on": []
        },
        {
            "path": [
                "root",
                "awskey"
            ],
            "outputs": {
                "key_name": {
                    "sensitive": false,
                    "type": "string",
                    "value": "dev-blue"
                }
            },
            "resources": {
                "aws_key_pair.deployer": {
                    "type": "aws_key_pair",
                    "depends_on": [],
                    "primary": {
                        "id": "dev-blue",
                        "attributes": {
                            "fingerprint": "5e:47:3b:04:b1:55:7e:a2:e6:be:e0:d3:a1:13:15:0e",
                            "id": "dev-blue",
                            "key_name": "dev-blue",
                            "public_key": "ssh-rsa AAAAB3NzaC1yc2EAAAADAQABAAABAQDjrHRDtEaP06/H1xmZvXWBG+IEvm7TXWZsge7sljaX9W5s9sg7RRrNMDOzlOOog7o8LSs3QvO48rwZ7xUBdjh/+YjXfgKIhTjhDb8kkzpqHu7gY2C9K9GjZ3ZqJJNxkpRne6VU3bK3oRRwNg7uCtLHGgibq17nAd4Bb3iuc41acpiv611uEbeCurlASu3H84iAaD1Plkp1Fsv3wJfDAaixpuBq0jQ3pXktqvCKxipl0vjUTuBzErSGUY4Oaif+KEnCvH4Gjw+8XYAkenEHcDLITtczp+8E/wnQL8zZhYjMUmoI97Q8gQnCr/vUlIJEfzcGCN2THtzJnnSayB8BHqNV"
                        },
                        "meta": {
                            "schema_version": "1"
                        },
                        "tainted": false
                    },
                    "deposed": [],
                    "provider": ""
                }
            },
            "depends_on": []
        },
        {
            "path": [
                "root",
                "db_network"
            ],
            "outputs": {
                "db_subnet_group_name": {
                    "sensitive": false,
                    "type": "string",
                    "value": "mysql-subnet"
                }
            },
            "resources": {
                "data.aws_subnet.selected": {
                    "type": "aws_subnet",
                    "depends_on": [],
                    "primary": {
                        "id": "subnet-1a003352",
                        "attributes": {
                            "assign_ipv6_address_on_creation": "false",
                            "availability_zone": "us-east-1a",
                            "cidr_block": "10.100.10.0/24",
                            "default_for_az": "false",
                            "id": "subnet-1a003352",
                            "map_public_ip_on_launch": "false",
                            "state": "available",
                            "tags.%": "2",
                            "tags.Name": "private dev-blue - 0",
                            "tags.Owner": "josh",
                            "vpc_id": "vpc-abc58ed2"
                        },
                        "meta": {},
                        "tainted": false
                    },
                    "deposed": [],
                    "provider": ""
                },
                "data.aws_vpc.vpc": {
                    "type": "aws_vpc",
                    "depends_on": [
                        "data.aws_subnet.selected"
                    ],
                    "primary": {
                        "id": "vpc-abc58ed2",
                        "attributes": {
                            "cidr_block": "10.100.0.0/16",
                            "default": "false",
                            "dhcp_options_id": "dopt-30cb2457",
                            "id": "vpc-abc58ed2",
                            "instance_tenancy": "default",
                            "state": "available",
                            "tags.%": "2",
                            "tags.Name": "dev-blue-vpc",
                            "tags.Owner": "josh"
                        },
                        "meta": {},
                        "tainted": false
                    },
                    "deposed": [],
                    "provider": ""
                }
            },
            "depends_on": []
        },
        {
            "path": [
                "root",
                "ecs"
            ],
            "outputs": {
                "asg_name": {
                    "sensitive": false,
                    "type": "string",
                    "value": "tf-ecs-dev-blue00a25781295dbf2aba82857bc3"
                },
                "cloudwatch_log_group_prefix": {
                    "sensitive": false,
                    "type": "string",
                    "value": "tf-ecs-dev-blue/"
                },
                "cluster_id": {
                    "sensitive": false,
                    "type": "string",
                    "value": "arn:aws:ecs:us-east-1:814135279348:cluster/tf-ecs-dev-blue"
                },
                "cluster_name": {
                    "sensitive": false,
                    "type": "string",
                    "value": "tf-ecs-dev-blue"
                },
                "default_target_group_arn": {
                    "sensitive": false,
                    "type": "string",
                    "value": "arn:aws:elasticloadbalancing:us-east-1:814135279348:targetgroup/default-dev-blue/b8d4e63521397b84"
                },
                "ecs_role_arn": {
                    "sensitive": false,
                    "type": "string",
                    "value": "arn:aws:iam::814135279348:role/tf_ecs_role"
                },
                "launch_configuration": {
                    "sensitive": false,
                    "type": "string",
                    "value": "terraform-00a25781295dbf2aba82857bc2"
                },
                "public_listener_arns": {
                    "sensitive": false,
                    "type": "list",
                    "value": [
                        "arn:aws:elasticloadbalancing:us-east-1:814135279348:listener/app/public-dev-blue/a2b9e818e6cf8cd1/f5b697e106326cb0"
                    ]
                },
                "vpc_id": {
                    "sensitive": false,
                    "type": "string",
                    "value": "vpc-abc58ed2"
                }
            },
            "resources": {
                "aws_alb.public": {
                    "type": "aws_alb",
                    "depends_on": [
                        "aws_s3_bucket.elb_logs",
                        "data.aws_region.current"
                    ],
                    "primary": {
                        "id": "arn:aws:elasticloadbalancing:us-east-1:814135279348:loadbalancer/app/public-dev-blue/a2b9e818e6cf8cd1",
                        "attributes": {
                            "access_logs.#": "1",
                            "access_logs.0.bucket": "elb.logs.dev-blue.infra.codedontlie.tech",
                            "access_logs.0.enabled": "true",
                            "access_logs.0.prefix": "public-us-east-1",
                            "arn": "arn:aws:elasticloadbalancing:us-east-1:814135279348:loadbalancer/app/public-dev-blue/a2b9e818e6cf8cd1",
                            "arn_suffix": "app/public-dev-blue/a2b9e818e6cf8cd1",
                            "dns_name": "public-dev-blue-1194482191.us-east-1.elb.amazonaws.com",
                            "enable_deletion_protection": "true",
                            "id": "arn:aws:elasticloadbalancing:us-east-1:814135279348:loadbalancer/app/public-dev-blue/a2b9e818e6cf8cd1",
                            "idle_timeout": "60",
                            "internal": "false",
                            "ip_address_type": "ipv4",
                            "name": "public-dev-blue",
                            "security_groups.#": "1",
                            "security_groups.126419780": "sg-cf2ffdbf",
                            "subnets.#": "2",
                            "subnets.1142308145": "subnet-a30734eb",
                            "subnets.3320950128": "subnet-44d8ae1e",
                            "tags.%": "1",
                            "tags.Name": "public-alb",
                            "vpc_id": "vpc-abc58ed2",
                            "zone_id": "Z35SXDOTRQ7X7K"
                        },
                        "meta": {
                            "e2bfb730-ecaa-11e6-8f88-34363bc7c4c0": {
                                "create": 600000000000,
                                "delete": 600000000000,
                                "update": 600000000000
                            }
                        },
                        "tainted": false
                    },
                    "deposed": [],
                    "provider": ""
                },
                "aws_alb_listener.https_public_wildcard": {
                    "type": "aws_alb_listener",
                    "depends_on": [
                        "aws_alb.public",
                        "aws_alb_target_group.default",
                        "data.aws_acm_certificate.public_wildcard"
                    ],
                    "primary": {
                        "id": "arn:aws:elasticloadbalancing:us-east-1:814135279348:listener/app/public-dev-blue/a2b9e818e6cf8cd1/f5b697e106326cb0",
                        "attributes": {
                            "arn": "arn:aws:elasticloadbalancing:us-east-1:814135279348:listener/app/public-dev-blue/a2b9e818e6cf8cd1/f5b697e106326cb0",
                            "certificate_arn": "arn:aws:acm:us-east-1:814135279348:certificate/dd03d719-2c83-41a0-86cc-4b9a0bb0020d",
                            "default_action.#": "1",
                            "default_action.0.target_group_arn": "arn:aws:elasticloadbalancing:us-east-1:814135279348:targetgroup/default-dev-blue/b8d4e63521397b84",
                            "default_action.0.type": "forward",
                            "id": "arn:aws:elasticloadbalancing:us-east-1:814135279348:listener/app/public-dev-blue/a2b9e818e6cf8cd1/f5b697e106326cb0",
                            "load_balancer_arn": "arn:aws:elasticloadbalancing:us-east-1:814135279348:loadbalancer/app/public-dev-blue/a2b9e818e6cf8cd1",
                            "port": "443",
                            "protocol": "HTTPS",
                            "ssl_policy": "ELBSecurityPolicy-2015-05"
                        },
                        "meta": {},
                        "tainted": false
                    },
                    "deposed": [],
                    "provider": ""
                },
                "aws_alb_target_group.default": {
                    "type": "aws_alb_target_group",
                    "depends_on": [
                        "data.aws_subnet.selected"
                    ],
                    "primary": {
                        "id": "arn:aws:elasticloadbalancing:us-east-1:814135279348:targetgroup/default-dev-blue/b8d4e63521397b84",
                        "attributes": {
                            "arn": "arn:aws:elasticloadbalancing:us-east-1:814135279348:targetgroup/default-dev-blue/b8d4e63521397b84",
                            "arn_suffix": "targetgroup/default-dev-blue/b8d4e63521397b84",
                            "deregistration_delay": "300",
                            "health_check.#": "1",
                            "health_check.0.healthy_threshold": "5",
                            "health_check.0.interval": "30",
                            "health_check.0.matcher": "200",
                            "health_check.0.path": "/index.html",
                            "health_check.0.port": "traffic-port",
                            "health_check.0.protocol": "HTTP",
                            "health_check.0.timeout": "5",
                            "health_check.0.unhealthy_threshold": "2",
                            "id": "arn:aws:elasticloadbalancing:us-east-1:814135279348:targetgroup/default-dev-blue/b8d4e63521397b84",
                            "name": "default-dev-blue",
                            "port": "80",
                            "protocol": "HTTP",
                            "stickiness.#": "1",
                            "stickiness.0.cookie_duration": "86400",
                            "stickiness.0.enabled": "false",
                            "stickiness.0.type": "lb_cookie",
                            "tags.%": "0",
                            "vpc_id": "vpc-abc58ed2"
                        },
                        "meta": {},
                        "tainted": false
                    },
                    "deposed": [],
                    "provider": ""
                },
                "aws_autoscaling_group.app": {
                    "type": "aws_autoscaling_group",
                    "depends_on": [
                        "aws_launch_configuration.app"
                    ],
                    "primary": {
                        "id": "tf-ecs-dev-blue00a25781295dbf2aba82857bc3",
                        "attributes": {
                            "arn": "arn:aws:autoscaling:us-east-1:814135279348:autoScalingGroup:aad5969b-1f7d-40e0-9f88-4a650eba0891:autoScalingGroupName/tf-ecs-dev-blue00a25781295dbf2aba82857bc3",
                            "availability_zones.#": "2",
                            "availability_zones.1305112097": "us-east-1b",
                            "availability_zones.3569565595": "us-east-1a",
                            "default_cooldown": "300",
                            "desired_capacity": "1",
                            "force_delete": "false",
                            "health_check_grace_period": "300",
                            "health_check_type": "EC2",
                            "id": "tf-ecs-dev-blue00a25781295dbf2aba82857bc3",
                            "launch_configuration": "terraform-00a25781295dbf2aba82857bc2",
                            "load_balancers.#": "0",
                            "max_size": "2",
                            "metrics_granularity": "1Minute",
                            "min_size": "1",
                            "name": "tf-ecs-dev-blue00a25781295dbf2aba82857bc3",
                            "name_prefix": "tf-ecs-dev-blue",
                            "placement_group": "",
                            "protect_from_scale_in": "false",
                            "suspended_processes.#": "0",
                            "tag.#": "0",
                            "target_group_arns.#": "0",
                            "termination_policies.#": "0",
                            "vpc_zone_identifier.#": "2",
                            "vpc_zone_identifier.114879972": "subnet-f7c2b4ad",
                            "vpc_zone_identifier.3284529244": "subnet-1a003352",
                            "wait_for_capacity_timeout": "10m"
                        },
                        "meta": {},
                        "tainted": false
                    },
                    "deposed": [],
                    "provider": ""
                },
                "aws_ecs_cluster.main": {
                    "type": "aws_ecs_cluster",
                    "depends_on": [],
                    "primary": {
                        "id": "arn:aws:ecs:us-east-1:814135279348:cluster/tf-ecs-dev-blue",
                        "attributes": {
                            "id": "arn:aws:ecs:us-east-1:814135279348:cluster/tf-ecs-dev-blue",
                            "name": "tf-ecs-dev-blue"
                        },
                        "meta": {},
                        "tainted": false
                    },
                    "deposed": [],
                    "provider": ""
                },
                "aws_iam_instance_profile.app": {
                    "type": "aws_iam_instance_profile",
                    "depends_on": [
                        "aws_iam_role.app_instance"
                    ],
                    "primary": {
                        "id": "tf-ecs-instprofile-dev-blue",
                        "attributes": {
                            "arn": "arn:aws:iam::814135279348:instance-profile/tf-ecs-instprofile-dev-blue",
                            "id": "tf-ecs-instprofile-dev-blue",
                            "name": "tf-ecs-instprofile-dev-blue",
                            "path": "/",
                            "role": "tf-instance-role-dev-blue",
                            "roles.#": "1",
                            "roles.1961008094": "tf-instance-role-dev-blue",
                            "unique_id": "AIPAJBZSLTUEAIMJ23HLA"
                        },
                        "meta": {},
                        "tainted": false
                    },
                    "deposed": [],
                    "provider": ""
                },
                "aws_iam_role.app_instance": {
                    "type": "aws_iam_role",
                    "depends_on": [],
                    "primary": {
                        "id": "tf-instance-role-dev-blue",
                        "attributes": {
                            "arn": "arn:aws:iam::814135279348:role/tf-instance-role-dev-blue",
                            "assume_role_policy": "{\"Version\":\"2012-10-17\",\"Statement\":[{\"Sid\":\"\",\"Effect\":\"Allow\",\"Principal\":{\"Service\":\"ec2.amazonaws.com\"},\"Action\":\"sts:AssumeRole\"}]}",
                            "create_date": "2017-08-13T17:42:18Z",
                            "id": "tf-instance-role-dev-blue",
                            "name": "tf-instance-role-dev-blue",
                            "path": "/",
                            "unique_id": "AROAICHWVEA4H6Y7JBUJU"
                        },
                        "meta": {},
                        "tainted": false
                    },
                    "deposed": [],
                    "provider": ""
                },
                "aws_iam_role_policy.instance": {
                    "type": "aws_iam_role_policy",
                    "depends_on": [
                        "aws_iam_role.app_instance",
                        "data.template_file.instance_profile"
                    ],
                    "primary": {
                        "id": "tf-instance-role-dev-blue:ECS-Instance-dev-blue",
                        "attributes": {
                            "id": "tf-instance-role-dev-blue:ECS-Instance-dev-blue",
                            "name": "ECS-Instance-dev-blue",
                            "policy": "{\n  \"Version\": \"2012-10-17\",\n  \"Statement\": [\n    {\n      \"Sid\": \"ecsInstanceRole\",\n      \"Effect\": \"Allow\",\n      \"Action\": [\n        \"ecs:DeregisterContainerInstance\",\n        \"ecs:DiscoverPollEndpoint\",\n        \"ecs:Poll\",\n        \"ecs:RegisterContainerInstance\",\n        \"ecs:Submit*\"\n      ],\n      \"Resource\": [\n        \"*\"\n      ]\n    },\n    {\n      \"Sid\": \"allowLoggingToCloudWatch\",\n      \"Effect\": \"Allow\",\n      \"Action\": [\n        \"logs:CreateLogStream\",\n        \"logs:PutLogEvents\"\n      ],\n      \"Resource\": [\n        \"arn:aws:logs:us-east-1:814135279348:log-group:tf-ecs-dev-blue/*\"\n      ]\n    }\n  ]\n}\n",
                            "role": "tf-instance-role-dev-blue"
                        },
                        "meta": {},
                        "tainted": false
                    },
                    "deposed": [],
                    "provider": ""
                },
                "aws_launch_configuration.app": {
                    "type": "aws_launch_configuration",
                    "depends_on": [
                        "aws_iam_instance_profile.app",
                        "data.aws_ami.ecs_ami",
                        "data.template_file.ecsconfig"
                    ],
                    "primary": {
                        "id": "terraform-00a25781295dbf2aba82857bc2",
                        "attributes": {
                            "associate_public_ip_address": "false",
                            "ebs_block_device.#": "0",
                            "ebs_optimized": "false",
                            "enable_monitoring": "true",
                            "ephemeral_block_device.#": "0",
                            "iam_instance_profile": "tf-ecs-instprofile-dev-blue",
                            "id": "terraform-00a25781295dbf2aba82857bc2",
                            "image_id": "ami-04351e12",
                            "instance_type": "t2.small",
                            "key_name": "dev-blue",
                            "name": "terraform-00a25781295dbf2aba82857bc2",
                            "root_block_device.#": "1",
                            "root_block_device.0.delete_on_termination": "true",
                            "root_block_device.0.iops": "0",
                            "root_block_device.0.volume_size": "30",
                            "root_block_device.0.volume_type": "",
                            "security_groups.#": "1",
                            "security_groups.151141122": "sg-1d29fb6d",
                            "spot_price": "",
                            "user_data": "f336a1d32434901f1933464209be8d9f5a8c2515",
                            "vpc_classic_link_id": "",
                            "vpc_classic_link_security_groups.#": "0"
                        },
                        "meta": {},
                        "tainted": false
                    },
                    "deposed": [],
                    "provider": ""
                },
                "aws_route53_record.public_wildcard": {
                    "type": "aws_route53_record",
                    "depends_on": [
                        "aws_alb.public",
                        "data.aws_route53_zone.selected"
                    ],
                    "primary": {
                        "id": "Z2JZ4HC3D02H4H_*.dev-blue.infra.codedontlie.tech._A",
                        "attributes": {
                            "alias.#": "1",
                            "alias.1024648683.evaluate_target_health": "true",
                            "alias.1024648683.name": "public-dev-blue-1194482191.us-east-1.elb.amazonaws.com",
                            "alias.1024648683.zone_id": "Z35SXDOTRQ7X7K",
                            "fqdn": "*.dev-blue.infra.codedontlie.tech",
                            "health_check_id": "",
                            "id": "Z2JZ4HC3D02H4H_*.dev-blue.infra.codedontlie.tech._A",
                            "name": "*.dev-blue.infra.codedontlie.tech",
                            "records.#": "0",
                            "set_identifier": "",
                            "ttl": "0",
                            "type": "A",
                            "zone_id": "Z2JZ4HC3D02H4H"
                        },
                        "meta": {
                            "schema_version": "2"
                        },
                        "tainted": false
                    },
                    "deposed": [],
                    "provider": ""
                },
                "aws_s3_bucket.elb_logs": {
                    "type": "aws_s3_bucket",
                    "depends_on": [],
                    "primary": {
                        "id": "elb.logs.dev-blue.infra.codedontlie.tech",
                        "attributes": {
                            "acceleration_status": "",
                            "acl": "private",
                            "arn": "arn:aws:s3:::elb.logs.dev-blue.infra.codedontlie.tech",
                            "bucket": "elb.logs.dev-blue.infra.codedontlie.tech",
                            "bucket_domain_name": "elb.logs.dev-blue.infra.codedontlie.tech.s3.amazonaws.com",
                            "force_destroy": "false",
                            "hosted_zone_id": "Z3AQBSTGFYJSTF",
                            "id": "elb.logs.dev-blue.infra.codedontlie.tech",
                            "logging.#": "0",
                            "region": "us-east-1",
                            "request_payer": "BucketOwner",
                            "tags.%": "0",
                            "versioning.#": "1",
                            "versioning.0.enabled": "false",
                            "versioning.0.mfa_delete": "false",
                            "website.#": "0"
                        },
                        "meta": {},
                        "tainted": false
                    },
                    "deposed": [],
                    "provider": ""
                },
                "aws_s3_bucket_policy.elb_logs": {
                    "type": "aws_s3_bucket_policy",
                    "depends_on": [
                        "aws_s3_bucket.elb_logs",
                        "data.aws_iam_policy_document.elb_logs"
                    ],
                    "primary": {
                        "id": "elb.logs.dev-blue.infra.codedontlie.tech",
                        "attributes": {
                            "bucket": "elb.logs.dev-blue.infra.codedontlie.tech",
                            "id": "elb.logs.dev-blue.infra.codedontlie.tech",
                            "policy": "{\"Version\":\"2012-10-17\",\"Statement\":[{\"Sid\":\"\",\"Effect\":\"Allow\",\"Principal\":{\"AWS\":\"arn:aws:iam::127311923021:root\"},\"Action\":\"s3:PutObject\",\"Resource\":\"arn:aws:s3:::elb.logs.dev-blue.infra.codedontlie.tech/public-us-east-1/AWSLogs/814135279348/*\"}]}"
                        },
                        "meta": {},
                        "tainted": false
                    },
                    "deposed": [],
                    "provider": ""
                },
                "data.aws_acm_certificate.public_wildcard": {
                    "type": "aws_acm_certificate",
                    "depends_on": [],
                    "primary": {
                        "id": "2017-08-13 18:05:50.888139752 +0000 UTC",
                        "attributes": {
                            "arn": "arn:aws:acm:us-east-1:814135279348:certificate/dd03d719-2c83-41a0-86cc-4b9a0bb0020d",
                            "domain": "dev-blue.infra.codedontlie.tech",
                            "id": "2017-08-13 18:05:50.888139752 +0000 UTC",
                            "statuses.#": "1",
                            "statuses.0": "ISSUED"
                        },
                        "meta": {},
                        "tainted": false
                    },
                    "deposed": [],
                    "provider": ""
                },
                "data.aws_ami.ecs_ami": {
                    "type": "aws_ami",
                    "depends_on": [],
                    "primary": {
                        "id": "ami-04351e12",
                        "attributes": {
                            "architecture": "x86_64",
                            "block_device_mappings.#": "2",
                            "block_device_mappings.2538004115.device_name": "/dev/xvdcz",
                            "block_device_mappings.2538004115.ebs.%": "5",
                            "block_device_mappings.2538004115.ebs.delete_on_termination": "true",
                            "block_device_mappings.2538004115.ebs.encrypted": "false",
                            "block_device_mappings.2538004115.ebs.iops": "0",
                            "block_device_mappings.2538004115.ebs.volume_size": "22",
                            "block_device_mappings.2538004115.ebs.volume_type": "gp2",
                            "block_device_mappings.2538004115.no_device": "",
                            "block_device_mappings.2538004115.virtual_name": "",
                            "block_device_mappings.340275815.device_name": "/dev/xvda",
                            "block_device_mappings.340275815.ebs.%": "6",
                            "block_device_mappings.340275815.ebs.delete_on_termination": "true",
                            "block_device_mappings.340275815.ebs.encrypted": "false",
                            "block_device_mappings.340275815.ebs.iops": "0",
                            "block_device_mappings.340275815.ebs.snapshot_id": "snap-02bf0cd1a691098ec",
                            "block_device_mappings.340275815.ebs.volume_size": "8",
                            "block_device_mappings.340275815.ebs.volume_type": "gp2",
                            "block_device_mappings.340275815.no_device": "",
                            "block_device_mappings.340275815.virtual_name": "",
                            "creation_date": "2017-06-23T00:58:51.000Z",
                            "description": "Amazon Linux AMI 2017.03.d x86_64 ECS HVM GP2",
                            "filter.#": "4",
                            "filter.3350713981.name": "name",
                            "filter.3350713981.values.#": "1",
                            "filter.3350713981.values.0": "amzn-ami-*-amazon-ecs-optimized",
                            "filter.3386043752.name": "architecture",
                            "filter.3386043752.values.#": "1",
                            "filter.3386043752.values.0": "x86_64",
                            "filter.490168357.name": "virtualization-type",
                            "filter.490168357.values.#": "1",
                            "filter.490168357.values.0": "hvm",
                            "filter.574890044.name": "owner-alias",
                            "filter.574890044.values.#": "1",
                            "filter.574890044.values.0": "amazon",
                            "hypervisor": "xen",
                            "id": "ami-04351e12",
                            "image_id": "ami-04351e12",
                            "image_location": "amazon/amzn-ami-2017.03.d-amazon-ecs-optimized",
                            "image_owner_alias": "amazon",
                            "image_type": "machine",
                            "most_recent": "true",
                            "name": "amzn-ami-2017.03.d-amazon-ecs-optimized",
                            "owner_id": "591542846629",
                            "product_codes.#": "0",
                            "public": "true",
                            "root_device_name": "/dev/xvda",
                            "root_device_type": "ebs",
                            "sriov_net_support": "simple",
                            "state": "available",
                            "state_reason.%": "2",
                            "state_reason.code": "UNSET",
                            "state_reason.message": "UNSET",
                            "tags.#": "0",
                            "virtualization_type": "hvm"
                        },
                        "meta": {},
                        "tainted": false
                    },
                    "deposed": [],
                    "provider": ""
                },
                "data.aws_caller_identity.current": {
                    "type": "aws_caller_identity",
                    "depends_on": [],
                    "primary": {
                        "id": "2017-08-13 18:05:50.720876313 +0000 UTC",
                        "attributes": {
                            "account_id": "814135279348",
                            "arn": "arn:aws:iam::814135279348:user/joshie",
                            "id": "2017-08-13 18:05:50.720876313 +0000 UTC",
                            "user_id": "AIDAJMEOBS5OC6PALBGO6"
                        },
                        "meta": {},
                        "tainted": false
                    },
                    "deposed": [],
                    "provider": ""
                },
                "data.aws_elb_service_account.main": {
                    "type": "aws_elb_service_account",
                    "depends_on": [],
                    "primary": {
                        "id": "127311923021",
                        "attributes": {
                            "arn": "arn:aws:iam::127311923021:root",
                            "id": "127311923021"
                        },
                        "meta": {},
                        "tainted": false
                    },
                    "deposed": [],
                    "provider": ""
                },
                "data.aws_iam_policy_document.elb_logs": {
                    "type": "aws_iam_policy_document",
                    "depends_on": [
                        "aws_s3_bucket.elb_logs",
                        "data.aws_caller_identity.current",
                        "data.aws_elb_service_account.main",
                        "data.aws_region.current"
                    ],
                    "primary": {
                        "id": "1465900940",
                        "attributes": {
                            "id": "1465900940",
                            "json": "{\n  \"Version\": \"2012-10-17\",\n  \"Statement\": [\n    {\n      \"Sid\": \"\",\n      \"Effect\": \"Allow\",\n      \"Action\": \"s3:PutObject\",\n      \"Resource\": \"arn:aws:s3:::elb.logs.dev-blue.infra.codedontlie.tech/public-us-east-1/AWSLogs/814135279348/*\",\n      \"Principal\": {\n        \"AWS\": \"arn:aws:iam::127311923021:root\"\n      }\n    }\n  ]\n}",
                            "statement.#": "1",
                            "statement.0.actions.#": "1",
                            "statement.0.actions.315547055": "s3:PutObject",
                            "statement.0.condition.#": "0",
                            "statement.0.effect": "Allow",
                            "statement.0.not_actions.#": "0",
                            "statement.0.not_principals.#": "0",
                            "statement.0.not_resources.#": "0",
                            "statement.0.principals.#": "1",
                            "statement.0.principals.1001788533.identifiers.#": "1",
                            "statement.0.principals.1001788533.identifiers.1294614456": "arn:aws:iam::127311923021:root",
                            "statement.0.principals.1001788533.type": "AWS",
                            "statement.0.resources.#": "1",
                            "statement.0.resources.1859089549": "arn:aws:s3:::elb.logs.dev-blue.infra.codedontlie.tech/public-us-east-1/AWSLogs/814135279348/*",
                            "statement.0.sid": ""
                        },
                        "meta": {},
                        "tainted": false
                    },
                    "deposed": [],
                    "provider": ""
                },
                "data.aws_region.current": {
                    "type": "aws_region",
                    "depends_on": [],
                    "primary": {
                        "id": "us-east-1",
                        "attributes": {
                            "current": "true",
                            "endpoint": "ec2.us-east-1.amazonaws.com",
                            "id": "us-east-1",
                            "name": "us-east-1"
                        },
                        "meta": {},
                        "tainted": false
                    },
                    "deposed": [],
                    "provider": ""
                },
                "data.aws_route53_zone.selected": {
                    "type": "aws_route53_zone",
                    "depends_on": [],
                    "primary": {
                        "id": "Z2JZ4HC3D02H4H",
                        "attributes": {
                            "caller_reference": "3CBD83FD-C3C9-CC14-8723-2457D9EF1625",
                            "comment": "",
                            "id": "Z2JZ4HC3D02H4H",
                            "name": "dev-blue.infra.codedontlie.tech.",
                            "private_zone": "false",
                            "resource_record_set_count": "3",
                            "zone_id": "Z2JZ4HC3D02H4H"
                        },
                        "meta": {},
                        "tainted": false
                    },
                    "deposed": [],
                    "provider": ""
                },
                "data.aws_subnet.selected": {
                    "type": "aws_subnet",
                    "depends_on": [],
                    "primary": {
                        "id": "subnet-a30734eb",
                        "attributes": {
                            "assign_ipv6_address_on_creation": "false",
                            "availability_zone": "us-east-1a",
                            "cidr_block": "10.100.0.0/24",
                            "default_for_az": "false",
                            "id": "subnet-a30734eb",
                            "map_public_ip_on_launch": "true",
                            "state": "available",
                            "tags.%": "2",
                            "tags.Name": "public dev-blue - 0",
                            "tags.Owner": "josh",
                            "vpc_id": "vpc-abc58ed2"
                        },
                        "meta": {},
                        "tainted": false
                    },
                    "deposed": [],
                    "provider": ""
                },
                "data.aws_vpc.vpc": {
                    "type": "aws_vpc",
                    "depends_on": [
                        "data.aws_subnet.selected"
                    ],
                    "primary": {
                        "id": "vpc-abc58ed2",
                        "attributes": {
                            "cidr_block": "10.100.0.0/16",
                            "default": "false",
                            "dhcp_options_id": "dopt-30cb2457",
                            "id": "vpc-abc58ed2",
                            "instance_tenancy": "default",
                            "state": "available",
                            "tags.%": "2",
                            "tags.Name": "dev-blue-vpc",
                            "tags.Owner": "josh"
                        },
                        "meta": {},
                        "tainted": false
                    },
                    "deposed": [],
                    "provider": ""
                },
                "data.template_file.ecsconfig": {
                    "type": "template_file",
                    "depends_on": [
                        "aws_ecs_cluster.main"
                    ],
                    "primary": {
                        "id": "2a5f66442bafaa9af1d64d65a1122f8b2b51e9f29eb731d517ce7c8249db6088",
                        "attributes": {
                            "id": "2a5f66442bafaa9af1d64d65a1122f8b2b51e9f29eb731d517ce7c8249db6088",
                            "rendered": "ECS_CLUSTER=tf-ecs-dev-blue\n\n",
                            "template": "ECS_CLUSTER=tf-ecs-dev-blue\n\n"
                        },
                        "meta": {},
                        "tainted": false
                    },
                    "deposed": [],
                    "provider": ""
                },
                "data.template_file.instance_profile": {
                    "type": "template_file",
                    "depends_on": [
                        "data.aws_caller_identity.current",
                        "data.aws_region.current"
                    ],
                    "primary": {
                        "id": "a37a1fc8b69f1be03a8119c169e8e336dc1c420f09ce9eba891943a2a113f5b9",
                        "attributes": {
                            "id": "a37a1fc8b69f1be03a8119c169e8e336dc1c420f09ce9eba891943a2a113f5b9",
                            "rendered": "{\n  \"Version\": \"2012-10-17\",\n  \"Statement\": [\n    {\n      \"Sid\": \"ecsInstanceRole\",\n      \"Effect\": \"Allow\",\n      \"Action\": [\n        \"ecs:DeregisterContainerInstance\",\n        \"ecs:DiscoverPollEndpoint\",\n        \"ecs:Poll\",\n        \"ecs:RegisterContainerInstance\",\n        \"ecs:Submit*\"\n      ],\n      \"Resource\": [\n        \"*\"\n      ]\n    },\n    {\n      \"Sid\": \"allowLoggingToCloudWatch\",\n      \"Effect\": \"Allow\",\n      \"Action\": [\n        \"logs:CreateLogStream\",\n        \"logs:PutLogEvents\"\n      ],\n      \"Resource\": [\n        \"arn:aws:logs:us-east-1:814135279348:log-group:tf-ecs-dev-blue/*\"\n      ]\n    }\n  ]\n}\n",
                            "template": "{\n  \"Version\": \"2012-10-17\",\n  \"Statement\": [\n    {\n      \"Sid\": \"ecsInstanceRole\",\n      \"Effect\": \"Allow\",\n      \"Action\": [\n        \"ecs:DeregisterContainerInstance\",\n        \"ecs:DiscoverPollEndpoint\",\n        \"ecs:Poll\",\n        \"ecs:RegisterContainerInstance\",\n        \"ecs:Submit*\"\n      ],\n      \"Resource\": [\n        \"*\"\n      ]\n    },\n    {\n      \"Sid\": \"allowLoggingToCloudWatch\",\n      \"Effect\": \"Allow\",\n      \"Action\": [\n        \"logs:CreateLogStream\",\n        \"logs:PutLogEvents\"\n      ],\n      \"Resource\": [\n        \"${arn_log_group_prefix}\"\n      ]\n    }\n  ]\n}\n",
                            "vars.%": "1",
                            "vars.arn_log_group_prefix": "arn:aws:logs:us-east-1:814135279348:log-group:tf-ecs-dev-blue/*"
                        },
                        "meta": {},
                        "tainted": false
                    },
                    "deposed": [],
                    "provider": ""
                }
            },
            "depends_on": []
        },
        {
            "path": [
                "root",
                "ecs_infra"
            ],
            "outputs": {
                "ecs_role_arn": {
                    "sensitive": false,
                    "type": "string",
                    "value": "arn:aws:iam::814135279348:role/tf_ecs_role"
                }
            },
            "resources": {
                "aws_iam_role.ecs_service": {
                    "type": "aws_iam_role",
                    "depends_on": [],
                    "primary": {
                        "id": "tf_ecs_role",
                        "attributes": {
                            "arn": "arn:aws:iam::814135279348:role/tf_ecs_role",
                            "assume_role_policy": "{\"Version\":\"2008-10-17\",\"Statement\":[{\"Sid\":\"\",\"Effect\":\"Allow\",\"Principal\":{\"Service\":\"ecs.amazonaws.com\"},\"Action\":\"sts:AssumeRole\"}]}",
                            "create_date": "2017-08-13T17:42:18Z",
                            "id": "tf_ecs_role",
                            "name": "tf_ecs_role",
                            "path": "/",
                            "unique_id": "AROAJWEI5IIPICFD4QHVC"
                        },
                        "meta": {},
                        "tainted": false
                    },
                    "deposed": [],
                    "provider": ""
                },
                "aws_iam_role_policy.ecs_service": {
                    "type": "aws_iam_role_policy",
                    "depends_on": [
                        "aws_iam_role.ecs_service"
                    ],
                    "primary": {
                        "id": "tf_ecs_role:tf_ecs_policy",
                        "attributes": {
                            "id": "tf_ecs_role:tf_ecs_policy",
                            "name": "tf_ecs_policy",
                            "policy": "{\n  \"Version\": \"2012-10-17\",\n  \"Statement\": [\n    {\n      \"Effect\": \"Allow\",\n      \"Action\": [\n        \"ec2:Describe*\",\n        \"elasticloadbalancing:DeregisterInstancesFromLoadBalancer\",\n        \"elasticloadbalancing:DeregisterTargets\",\n        \"elasticloadbalancing:Describe*\",\n        \"elasticloadbalancing:RegisterInstancesWithLoadBalancer\",\n        \"elasticloadbalancing:RegisterTargets\"\n      ],\n      \"Resource\": \"*\"\n    }\n  ]\n}\n",
                            "role": "tf_ecs_role"
                        },
                        "meta": {},
                        "tainted": false
                    },
                    "deposed": [],
                    "provider": ""
                },
                "aws_security_group_rule.in_docker_ephemeral": {
                    "type": "aws_security_group_rule",
                    "depends_on": [],
                    "primary": {
                        "id": "sgrule-2643851018",
                        "attributes": {
                            "cidr_blocks.#": "0",
                            "from_port": "32768",
                            "id": "sgrule-2643851018",
                            "ipv6_cidr_blocks.#": "0",
                            "prefix_list_ids.#": "0",
                            "protocol": "tcp",
                            "security_group_id": "sg-1d29fb6d",
                            "self": "false",
                            "source_security_group_id": "sg-cf2ffdbf",
                            "to_port": "60999",
                            "type": "ingress"
                        },
                        "meta": {
                            "schema_version": "2"
                        },
                        "tainted": false
                    },
                    "deposed": [],
                    "provider": ""
                },
                "aws_security_group_rule.in_http": {
                    "type": "aws_security_group_rule",
                    "depends_on": [],
                    "primary": {
                        "id": "sgrule-3130349887",
                        "attributes": {
                            "cidr_blocks.#": "0",
                            "from_port": "80",
                            "id": "sgrule-3130349887",
                            "ipv6_cidr_blocks.#": "0",
                            "prefix_list_ids.#": "0",
                            "protocol": "tcp",
                            "security_group_id": "sg-1d29fb6d",
                            "self": "false",
                            "source_security_group_id": "sg-cf2ffdbf",
                            "to_port": "80",
                            "type": "ingress"
                        },
                        "meta": {
                            "schema_version": "2"
                        },
                        "tainted": false
                    },
                    "deposed": [],
                    "provider": ""
                },
                "aws_security_group_rule.out_docker_ephemeral": {
                    "type": "aws_security_group_rule",
                    "depends_on": [],
                    "primary": {
                        "id": "sgrule-943924223",
                        "attributes": {
                            "cidr_blocks.#": "0",
                            "from_port": "32768",
                            "id": "sgrule-943924223",
                            "ipv6_cidr_blocks.#": "0",
                            "prefix_list_ids.#": "0",
                            "protocol": "tcp",
                            "security_group_id": "sg-cf2ffdbf",
                            "self": "false",
                            "source_security_group_id": "sg-1d29fb6d",
                            "to_port": "60999",
                            "type": "egress"
                        },
                        "meta": {
                            "schema_version": "2"
                        },
                        "tainted": false
                    },
                    "deposed": [],
                    "provider": ""
                }
            },
            "depends_on": []
        },
        {
            "path": [
                "root",
                "network"
            ],
            "outputs": {
                "all_sg_ids": {
                    "sensitive": false,
                    "type": "list",
                    "value": [
                        "sg-1d29fb6d",
                        "sg-cf2ffdbf"
                    ]
                },
                "availabity_zones": {
                    "sensitive": false,
                    "type": "list",
                    "value": [
                        "us-east-1a",
                        "us-east-1b",
                        "us-east-1c",
                        "us-east-1d",
                        "us-east-1e",
                        "us-east-1f"
                    ]
                },
                "bastion_ips": {
                    "sensitive": false,
                    "type": "list",
                    "value": [
                        "34.232.140.118"
                    ]
                },
                "bastion_user": {
                    "sensitive": false,
                    "type": "string",
                    "value": "ec2-user"
                },
                "private_route_table_ids": {
                    "sensitive": false,
                    "type": "list",
                    "value": [
                        "rtb-5713f02c"
                    ]
                },
                "private_sg_id": {
                    "sensitive": false,
                    "type": "string",
                    "value": "sg-1d29fb6d"
                },
                "private_subnet_ids": {
                    "sensitive": false,
                    "type": "list",
                    "value": [
                        "subnet-1a003352",
                        "subnet-f7c2b4ad"
                    ]
                },
                "public_sg_id": {
                    "sensitive": false,
                    "type": "string",
                    "value": "sg-cf2ffdbf"
                },
                "public_subnet_ids": {
                    "sensitive": false,
                    "type": "list",
                    "value": [
                        "subnet-a30734eb",
                        "subnet-44d8ae1e"
                    ]
                },
                "vpc_cidr": {
                    "sensitive": false,
                    "type": "string",
                    "value": "10.100.0.0/16"
                },
                "vpc_id": {
                    "sensitive": false,
                    "type": "string",
                    "value": "vpc-abc58ed2"
                }
            },
            "resources": {
                "aws_eip.jump": {
                    "type": "aws_eip",
                    "depends_on": [
                        "aws_instance.jump.*"
                    ],
                    "primary": {
                        "id": "eipalloc-74d38e47",
                        "attributes": {
                            "associate_with_private_ip": "10.100.0.75",
                            "association_id": "eipassoc-a7491d92",
                            "domain": "vpc",
                            "id": "eipalloc-74d38e47",
                            "instance": "i-01651cdaaab80ad92",
                            "network_interface": "eni-16f88ac3",
                            "private_ip": "10.100.0.75",
                            "public_ip": "34.232.140.118",
                            "vpc": "true"
                        },
                        "meta": {},
                        "tainted": false
                    },
                    "deposed": [],
                    "provider": ""
                },
                "aws_instance.jump": {
                    "type": "aws_instance",
                    "depends_on": [
                        "aws_security_group.public",
                        "aws_subnet.public.*"
                    ],
                    "primary": {
                        "id": "i-01651cdaaab80ad92",
                        "attributes": {
                            "ami": "ami-d4c5efc2",
                            "associate_public_ip_address": "true",
                            "availability_zone": "us-east-1a",
                            "disable_api_termination": "false",
                            "ebs_block_device.#": "0",
                            "ebs_optimized": "false",
                            "ephemeral_block_device.#": "0",
                            "iam_instance_profile": "",
                            "id": "i-01651cdaaab80ad92",
                            "instance_initiated_shutdown_behavior": "terminate",
                            "instance_state": "running",
                            "instance_type": "t2.micro",
                            "ipv6_addresses.#": "0",
                            "key_name": "dev-blue",
                            "monitoring": "false",
                            "network_interface.#": "0",
                            "network_interface_id": "eni-16f88ac3",
                            "primary_network_interface_id": "eni-16f88ac3",
                            "private_dns": "ip-10-100-0-75.ec2.internal",
                            "private_ip": "10.100.0.75",
                            "public_dns": "ec2-34-232-140-118.compute-1.amazonaws.com",
                            "public_ip": "34.232.140.118",
                            "root_block_device.#": "1",
                            "root_block_device.0.delete_on_termination": "true",
                            "root_block_device.0.iops": "0",
                            "root_block_device.0.volume_size": "8",
                            "root_block_device.0.volume_type": "standard",
                            "security_groups.#": "0",
                            "source_dest_check": "false",
                            "subnet_id": "subnet-a30734eb",
                            "tags.%": "3",
                            "tags.EnvironmentName": "dev-blue",
                            "tags.Name": "jump-nat - 0",
                            "tags.Owner": "josh",
                            "tenancy": "default",
                            "volume_tags.%": "0",
                            "vpc_security_group_ids.#": "1",
                            "vpc_security_group_ids.126419780": "sg-cf2ffdbf"
                        },
                        "meta": {
                            "e2bfb730-ecaa-11e6-8f88-34363bc7c4c0": {
                                "create": 600000000000,
                                "delete": 600000000000,
                                "update": 600000000000
                            },
                            "schema_version": "1"
                        },
                        "tainted": false
                    },
                    "deposed": [],
                    "provider": ""
                },
                "aws_internet_gateway.default": {
                    "type": "aws_internet_gateway",
                    "depends_on": [
                        "aws_vpc.default"
                    ],
                    "primary": {
                        "id": "igw-5eb78438",
                        "attributes": {
                            "id": "igw-5eb78438",
                            "tags.%": "0",
                            "vpc_id": "vpc-abc58ed2"
                        },
                        "meta": {},
                        "tainted": false
                    },
                    "deposed": [],
                    "provider": ""
                },
                "aws_route_table.private": {
                    "type": "aws_route_table",
                    "depends_on": [
                        "aws_instance.jump.*",
                        "aws_vpc.default"
                    ],
                    "primary": {
                        "id": "rtb-5713f02c",
                        "attributes": {
                            "id": "rtb-5713f02c",
                            "propagating_vgws.#": "0",
                            "route.#": "1",
                            "route.4249518821.cidr_block": "0.0.0.0/0",
                            "route.4249518821.egress_only_gateway_id": "",
                            "route.4249518821.gateway_id": "",
                            "route.4249518821.instance_id": "i-01651cdaaab80ad92",
                            "route.4249518821.ipv6_cidr_block": "",
                            "route.4249518821.nat_gateway_id": "",
                            "route.4249518821.network_interface_id": "eni-16f88ac3",
                            "route.4249518821.vpc_peering_connection_id": "",
                            "tags.%": "2",
                            "tags.Name": "private dev-blue - 0",
                            "tags.Owner": "josh",
                            "vpc_id": "vpc-abc58ed2"
                        },
                        "meta": {},
                        "tainted": false
                    },
                    "deposed": [],
                    "provider": ""
                },
                "aws_route_table.public.0": {
                    "type": "aws_route_table",
                    "depends_on": [
                        "aws_internet_gateway.default",
                        "aws_vpc.default"
                    ],
                    "primary": {
                        "id": "rtb-5113f02a",
                        "attributes": {
                            "id": "rtb-5113f02a",
                            "propagating_vgws.#": "0",
                            "route.#": "1",
                            "route.4223084527.cidr_block": "0.0.0.0/0",
                            "route.4223084527.egress_only_gateway_id": "",
                            "route.4223084527.gateway_id": "igw-5eb78438",
                            "route.4223084527.instance_id": "",
                            "route.4223084527.ipv6_cidr_block": "",
                            "route.4223084527.nat_gateway_id": "",
                            "route.4223084527.network_interface_id": "",
                            "route.4223084527.vpc_peering_connection_id": "",
                            "tags.%": "2",
                            "tags.Name": "public dev-blue - 0",
                            "tags.Owner": "josh",
                            "vpc_id": "vpc-abc58ed2"
                        },
                        "meta": {},
                        "tainted": false
                    },
                    "deposed": [],
                    "provider": ""
                },
                "aws_route_table.public.1": {
                    "type": "aws_route_table",
                    "depends_on": [
                        "aws_internet_gateway.default",
                        "aws_vpc.default"
                    ],
                    "primary": {
                        "id": "rtb-9a0deee1",
                        "attributes": {
                            "id": "rtb-9a0deee1",
                            "propagating_vgws.#": "0",
                            "route.#": "1",
                            "route.4223084527.cidr_block": "0.0.0.0/0",
                            "route.4223084527.egress_only_gateway_id": "",
                            "route.4223084527.gateway_id": "igw-5eb78438",
                            "route.4223084527.instance_id": "",
                            "route.4223084527.ipv6_cidr_block": "",
                            "route.4223084527.nat_gateway_id": "",
                            "route.4223084527.network_interface_id": "",
                            "route.4223084527.vpc_peering_connection_id": "",
                            "tags.%": "2",
                            "tags.Name": "public dev-blue - 1",
                            "tags.Owner": "josh",
                            "vpc_id": "vpc-abc58ed2"
                        },
                        "meta": {},
                        "tainted": false
                    },
                    "deposed": [],
                    "provider": ""
                },
                "aws_route_table_association.private.0": {
                    "type": "aws_route_table_association",
                    "depends_on": [
                        "aws_route_table.private.*",
                        "aws_subnet.private.*"
                    ],
                    "primary": {
                        "id": "rtbassoc-aef35dd4",
                        "attributes": {
                            "id": "rtbassoc-aef35dd4",
                            "route_table_id": "rtb-5713f02c",
                            "subnet_id": "subnet-1a003352"
                        },
                        "meta": {},
                        "tainted": false
                    },
                    "deposed": [],
                    "provider": ""
                },
                "aws_route_table_association.private.1": {
                    "type": "aws_route_table_association",
                    "depends_on": [
                        "aws_route_table.private.*",
                        "aws_subnet.private.*"
                    ],
                    "primary": {
                        "id": "rtbassoc-c6fd53bc",
                        "attributes": {
                            "id": "rtbassoc-c6fd53bc",
                            "route_table_id": "rtb-5713f02c",
                            "subnet_id": "subnet-f7c2b4ad"
                        },
                        "meta": {},
                        "tainted": false
                    },
                    "deposed": [],
                    "provider": ""
                },
                "aws_route_table_association.public.0": {
                    "type": "aws_route_table_association",
                    "depends_on": [
                        "aws_route_table.public.*",
                        "aws_subnet.public.*"
                    ],
                    "primary": {
                        "id": "rtbassoc-62ce6018",
                        "attributes": {
                            "id": "rtbassoc-62ce6018",
                            "route_table_id": "rtb-5113f02a",
                            "subnet_id": "subnet-a30734eb"
                        },
                        "meta": {},
                        "tainted": false
                    },
                    "deposed": [],
                    "provider": ""
                },
                "aws_route_table_association.public.1": {
                    "type": "aws_route_table_association",
                    "depends_on": [
                        "aws_route_table.public.*",
                        "aws_subnet.public.*"
                    ],
                    "primary": {
                        "id": "rtbassoc-87f759fd",
                        "attributes": {
                            "id": "rtbassoc-87f759fd",
                            "route_table_id": "rtb-9a0deee1",
                            "subnet_id": "subnet-44d8ae1e"
                        },
                        "meta": {},
                        "tainted": false
                    },
                    "deposed": [],
                    "provider": ""
                },
                "aws_security_group.private": {
                    "type": "aws_security_group",
                    "depends_on": [
                        "aws_vpc.default"
                    ],
                    "primary": {
                        "id": "sg-1d29fb6d",
                        "attributes": {
                            "description": "Security group for private instances allowing the bastion hosts in",
                            "egress.#": "2",
                            "egress.1504123265.cidr_blocks.#": "0",
                            "egress.1504123265.from_port": "0",
                            "egress.1504123265.ipv6_cidr_blocks.#": "0",
                            "egress.1504123265.prefix_list_ids.#": "0",
                            "egress.1504123265.protocol": "tcp",
                            "egress.1504123265.security_groups.#": "1",
                            "egress.1504123265.security_groups.126419780": "sg-cf2ffdbf",
                            "egress.1504123265.self": "false",
                            "egress.1504123265.to_port": "65535",
                            "egress.753360330.cidr_blocks.#": "0",
                            "egress.753360330.from_port": "0",
                            "egress.753360330.ipv6_cidr_blocks.#": "0",
                            "egress.753360330.prefix_list_ids.#": "0",
                            "egress.753360330.protocol": "-1",
                            "egress.753360330.security_groups.#": "0",
                            "egress.753360330.self": "true",
                            "egress.753360330.to_port": "0",
                            "id": "sg-1d29fb6d",
                            "ingress.#": "4",
                            "ingress.231884861.cidr_blocks.#": "0",
                            "ingress.231884861.from_port": "80",
                            "ingress.231884861.ipv6_cidr_blocks.#": "0",
                            "ingress.231884861.protocol": "tcp",
                            "ingress.231884861.security_groups.#": "1",
                            "ingress.231884861.security_groups.126419780": "sg-cf2ffdbf",
                            "ingress.231884861.self": "false",
                            "ingress.231884861.to_port": "80",
                            "ingress.3143112072.cidr_blocks.#": "0",
                            "ingress.3143112072.from_port": "22",
                            "ingress.3143112072.ipv6_cidr_blocks.#": "0",
                            "ingress.3143112072.protocol": "tcp",
                            "ingress.3143112072.security_groups.#": "1",
                            "ingress.3143112072.security_groups.126419780": "sg-cf2ffdbf",
                            "ingress.3143112072.self": "false",
                            "ingress.3143112072.to_port": "22",
                            "ingress.3640340869.cidr_blocks.#": "0",
                            "ingress.3640340869.from_port": "32768",
                            "ingress.3640340869.ipv6_cidr_blocks.#": "0",
                            "ingress.3640340869.protocol": "tcp",
                            "ingress.3640340869.security_groups.#": "1",
                            "ingress.3640340869.security_groups.126419780": "sg-cf2ffdbf",
                            "ingress.3640340869.self": "false",
                            "ingress.3640340869.to_port": "60999",
                            "ingress.753360330.cidr_blocks.#": "0",
                            "ingress.753360330.from_port": "0",
                            "ingress.753360330.ipv6_cidr_blocks.#": "0",
                            "ingress.753360330.protocol": "-1",
                            "ingress.753360330.security_groups.#": "0",
                            "ingress.753360330.self": "true",
                            "ingress.753360330.to_port": "0",
                            "name": "dev-blue-private",
                            "owner_id": "814135279348",
                            "tags.%": "1",
                            "tags.Name": "dev-blue-private-sg",
                            "vpc_id": "vpc-abc58ed2"
                        },
                        "meta": {},
                        "tainted": false
                    },
                    "deposed": [],
                    "provider": ""
                },
                "aws_security_group.public": {
                    "type": "aws_security_group",
                    "depends_on": [
                        "aws_vpc.default"
                    ],
                    "primary": {
                        "id": "sg-cf2ffdbf",
                        "attributes": {
                            "description": "Security group for nat instances that allows SSH and jump traffic from internet.",
                            "egress.#": "4",
                            "egress.1196056088.cidr_blocks.#": "0",
                            "egress.1196056088.from_port": "32768",
                            "egress.1196056088.ipv6_cidr_blocks.#": "0",
                            "egress.1196056088.prefix_list_ids.#": "0",
                            "egress.1196056088.protocol": "tcp",
                            "egress.1196056088.security_groups.#": "1",
                            "egress.1196056088.security_groups.151141122": "sg-1d29fb6d",
                            "egress.1196056088.self": "false",
                            "egress.1196056088.to_port": "60999",
                            "egress.2214680975.cidr_blocks.#": "1",
                            "egress.2214680975.cidr_blocks.0": "0.0.0.0/0",
                            "egress.2214680975.from_port": "80",
                            "egress.2214680975.ipv6_cidr_blocks.#": "0",
                            "egress.2214680975.prefix_list_ids.#": "0",
                            "egress.2214680975.protocol": "tcp",
                            "egress.2214680975.security_groups.#": "0",
                            "egress.2214680975.self": "false",
                            "egress.2214680975.to_port": "80",
                            "egress.2617001939.cidr_blocks.#": "1",
                            "egress.2617001939.cidr_blocks.0": "0.0.0.0/0",
                            "egress.2617001939.from_port": "443",
                            "egress.2617001939.ipv6_cidr_blocks.#": "0",
                            "egress.2617001939.prefix_list_ids.#": "0",
                            "egress.2617001939.protocol": "tcp",
                            "egress.2617001939.security_groups.#": "0",
                            "egress.2617001939.self": "false",
                            "egress.2617001939.to_port": "443",
                            "egress.619280917.cidr_blocks.#": "0",
                            "egress.619280917.from_port": "22",
                            "egress.619280917.ipv6_cidr_blocks.#": "0",
                            "egress.619280917.prefix_list_ids.#": "0",
                            "egress.619280917.protocol": "tcp",
                            "egress.619280917.security_groups.#": "1",
                            "egress.619280917.security_groups.151141122": "sg-1d29fb6d",
                            "egress.619280917.self": "false",
                            "egress.619280917.to_port": "22",
                            "id": "sg-cf2ffdbf",
                            "ingress.#": "3",
                            "ingress.2214680975.cidr_blocks.#": "1",
                            "ingress.2214680975.cidr_blocks.0": "0.0.0.0/0",
                            "ingress.2214680975.from_port": "80",
                            "ingress.2214680975.ipv6_cidr_blocks.#": "0",
                            "ingress.2214680975.protocol": "tcp",
                            "ingress.2214680975.security_groups.#": "0",
                            "ingress.2214680975.self": "false",
                            "ingress.2214680975.to_port": "80",
                            "ingress.2541437006.cidr_blocks.#": "1",
                            "ingress.2541437006.cidr_blocks.0": "0.0.0.0/0",
                            "ingress.2541437006.from_port": "22",
                            "ingress.2541437006.ipv6_cidr_blocks.#": "0",
                            "ingress.2541437006.protocol": "tcp",
                            "ingress.2541437006.security_groups.#": "0",
                            "ingress.2541437006.self": "false",
                            "ingress.2541437006.to_port": "22",
                            "ingress.2617001939.cidr_blocks.#": "1",
                            "ingress.2617001939.cidr_blocks.0": "0.0.0.0/0",
                            "ingress.2617001939.from_port": "443",
                            "ingress.2617001939.ipv6_cidr_blocks.#": "0",
                            "ingress.2617001939.protocol": "tcp",
                            "ingress.2617001939.security_groups.#": "0",
                            "ingress.2617001939.self": "false",
                            "ingress.2617001939.to_port": "443",
                            "name": "dev-blue-lab-public",
                            "owner_id": "814135279348",
                            "tags.%": "1",
                            "tags.Name": "dev-blue-public-sg",
                            "vpc_id": "vpc-abc58ed2"
                        },
                        "meta": {},
                        "tainted": false
                    },
                    "deposed": [],
                    "provider": ""
                },
                "aws_security_group_rule.from_bastion": {
                    "type": "aws_security_group_rule",
                    "depends_on": [
                        "aws_security_group.private",
                        "aws_security_group.public"
                    ],
                    "primary": {
                        "id": "sgrule-2071473237",
                        "attributes": {
                            "cidr_blocks.#": "0",
                            "from_port": "22",
                            "id": "sgrule-2071473237",
                            "ipv6_cidr_blocks.#": "0",
                            "prefix_list_ids.#": "0",
                            "protocol": "tcp",
                            "security_group_id": "sg-1d29fb6d",
                            "self": "false",
                            "source_security_group_id": "sg-cf2ffdbf",
                            "to_port": "22",
                            "type": "ingress"
                        },
                        "meta": {
                            "schema_version": "2"
                        },
                        "tainted": false
                    },
                    "deposed": [],
                    "provider": ""
                },
                "aws_security_group_rule.http_in": {
                    "type": "aws_security_group_rule",
                    "depends_on": [
                        "aws_security_group.public"
                    ],
                    "primary": {
                        "id": "sgrule-3140312622",
                        "attributes": {
                            "cidr_blocks.#": "1",
                            "cidr_blocks.0": "0.0.0.0/0",
                            "from_port": "80",
                            "id": "sgrule-3140312622",
                            "ipv6_cidr_blocks.#": "0",
                            "prefix_list_ids.#": "0",
                            "protocol": "tcp",
                            "security_group_id": "sg-cf2ffdbf",
                            "self": "false",
                            "to_port": "80",
                            "type": "ingress"
                        },
                        "meta": {
                            "schema_version": "2"
                        },
                        "tainted": false
                    },
                    "deposed": [],
                    "provider": ""
                },
                "aws_security_group_rule.https_in": {
                    "type": "aws_security_group_rule",
                    "depends_on": [
                        "aws_security_group.public"
                    ],
                    "primary": {
                        "id": "sgrule-569879552",
                        "attributes": {
                            "cidr_blocks.#": "1",
                            "cidr_blocks.0": "0.0.0.0/0",
                            "from_port": "443",
                            "id": "sgrule-569879552",
                            "ipv6_cidr_blocks.#": "0",
                            "prefix_list_ids.#": "0",
                            "protocol": "tcp",
                            "security_group_id": "sg-cf2ffdbf",
                            "self": "false",
                            "to_port": "443",
                            "type": "ingress"
                        },
                        "meta": {
                            "schema_version": "2"
                        },
                        "tainted": false
                    },
                    "deposed": [],
                    "provider": ""
                },
                "aws_security_group_rule.internal_in": {
                    "type": "aws_security_group_rule",
                    "depends_on": [
                        "aws_security_group.private"
                    ],
                    "primary": {
                        "id": "sgrule-2883559102",
                        "attributes": {
                            "cidr_blocks.#": "0",
                            "from_port": "0",
                            "id": "sgrule-2883559102",
                            "ipv6_cidr_blocks.#": "0",
                            "prefix_list_ids.#": "0",
                            "protocol": "-1",
                            "security_group_id": "sg-1d29fb6d",
                            "self": "false",
                            "source_security_group_id": "sg-1d29fb6d",
                            "to_port": "65535",
                            "type": "ingress"
                        },
                        "meta": {
                            "schema_version": "2"
                        },
                        "tainted": false
                    },
                    "deposed": [],
                    "provider": ""
                },
                "aws_security_group_rule.internal_out": {
                    "type": "aws_security_group_rule",
                    "depends_on": [
                        "aws_security_group.private"
                    ],
                    "primary": {
                        "id": "sgrule-4130917364",
                        "attributes": {
                            "cidr_blocks.#": "0",
                            "from_port": "0",
                            "id": "sgrule-4130917364",
                            "ipv6_cidr_blocks.#": "0",
                            "prefix_list_ids.#": "0",
                            "protocol": "-1",
                            "security_group_id": "sg-1d29fb6d",
                            "self": "false",
                            "source_security_group_id": "sg-1d29fb6d",
                            "to_port": "65535",
                            "type": "egress"
                        },
                        "meta": {
                            "schema_version": "2"
                        },
                        "tainted": false
                    },
                    "deposed": [],
                    "provider": ""
                },
                "aws_security_group_rule.public_http_out": {
                    "type": "aws_security_group_rule",
                    "depends_on": [
                        "aws_security_group.public"
                    ],
                    "primary": {
                        "id": "sgrule-751745251",
                        "attributes": {
                            "cidr_blocks.#": "1",
                            "cidr_blocks.0": "0.0.0.0/0",
                            "from_port": "80",
                            "id": "sgrule-751745251",
                            "ipv6_cidr_blocks.#": "0",
                            "prefix_list_ids.#": "0",
                            "protocol": "tcp",
                            "security_group_id": "sg-cf2ffdbf",
                            "self": "false",
                            "to_port": "80",
                            "type": "egress"
                        },
                        "meta": {
                            "schema_version": "2"
                        },
                        "tainted": false
                    },
                    "deposed": [],
                    "provider": ""
                },
                "aws_security_group_rule.public_https_out": {
                    "type": "aws_security_group_rule",
                    "depends_on": [
                        "aws_security_group.public"
                    ],
                    "primary": {
                        "id": "sgrule-1234116706",
                        "attributes": {
                            "cidr_blocks.#": "1",
                            "cidr_blocks.0": "0.0.0.0/0",
                            "from_port": "443",
                            "id": "sgrule-1234116706",
                            "ipv6_cidr_blocks.#": "0",
                            "prefix_list_ids.#": "0",
                            "protocol": "tcp",
                            "security_group_id": "sg-cf2ffdbf",
                            "self": "false",
                            "to_port": "443",
                            "type": "egress"
                        },
                        "meta": {
                            "schema_version": "2"
                        },
                        "tainted": false
                    },
                    "deposed": [],
                    "provider": ""
                },
                "aws_security_group_rule.public_to_private_ssh": {
                    "type": "aws_security_group_rule",
                    "depends_on": [
                        "aws_security_group.private",
                        "aws_security_group.public"
                    ],
                    "primary": {
                        "id": "sgrule-3229785449",
                        "attributes": {
                            "cidr_blocks.#": "0",
                            "from_port": "22",
                            "id": "sgrule-3229785449",
                            "ipv6_cidr_blocks.#": "0",
                            "prefix_list_ids.#": "0",
                            "protocol": "tcp",
                            "security_group_id": "sg-cf2ffdbf",
                            "self": "false",
                            "source_security_group_id": "sg-1d29fb6d",
                            "to_port": "22",
                            "type": "egress"
                        },
                        "meta": {
                            "schema_version": "2"
                        },
                        "tainted": false
                    },
                    "deposed": [],
                    "provider": ""
                },
                "aws_security_group_rule.ssh": {
                    "type": "aws_security_group_rule",
                    "depends_on": [
                        "aws_security_group.public"
                    ],
                    "primary": {
                        "id": "sgrule-229049243",
                        "attributes": {
                            "cidr_blocks.#": "1",
                            "cidr_blocks.0": "0.0.0.0/0",
                            "from_port": "22",
                            "id": "sgrule-229049243",
                            "ipv6_cidr_blocks.#": "0",
                            "prefix_list_ids.#": "0",
                            "protocol": "tcp",
                            "security_group_id": "sg-cf2ffdbf",
                            "self": "false",
                            "to_port": "22",
                            "type": "ingress"
                        },
                        "meta": {
                            "schema_version": "2"
                        },
                        "tainted": false
                    },
                    "deposed": [],
                    "provider": ""
                },
                "aws_security_group_rule.to_nat": {
                    "type": "aws_security_group_rule",
                    "depends_on": [
                        "aws_security_group.private",
                        "aws_security_group.public"
                    ],
                    "primary": {
                        "id": "sgrule-2203466456",
                        "attributes": {
                            "cidr_blocks.#": "0",
                            "from_port": "0",
                            "id": "sgrule-2203466456",
                            "ipv6_cidr_blocks.#": "0",
                            "prefix_list_ids.#": "0",
                            "protocol": "tcp",
                            "security_group_id": "sg-1d29fb6d",
                            "self": "false",
                            "source_security_group_id": "sg-cf2ffdbf",
                            "to_port": "65535",
                            "type": "egress"
                        },
                        "meta": {
                            "schema_version": "2"
                        },
                        "tainted": false
                    },
                    "deposed": [],
                    "provider": ""
                },
                "aws_subnet.private.0": {
                    "type": "aws_subnet",
                    "depends_on": [
                        "aws_vpc.default",
                        "data.aws_availability_zones.available"
                    ],
                    "primary": {
                        "id": "subnet-1a003352",
                        "attributes": {
                            "assign_ipv6_address_on_creation": "false",
                            "availability_zone": "us-east-1a",
                            "cidr_block": "10.100.10.0/24",
                            "id": "subnet-1a003352",
                            "map_public_ip_on_launch": "false",
                            "tags.%": "2",
                            "tags.Name": "private dev-blue - 0",
                            "tags.Owner": "josh",
                            "vpc_id": "vpc-abc58ed2"
                        },
                        "meta": {
                            "schema_version": "1"
                        },
                        "tainted": false
                    },
                    "deposed": [],
                    "provider": ""
                },
                "aws_subnet.private.1": {
                    "type": "aws_subnet",
                    "depends_on": [
                        "aws_vpc.default",
                        "data.aws_availability_zones.available"
                    ],
                    "primary": {
                        "id": "subnet-f7c2b4ad",
                        "attributes": {
                            "assign_ipv6_address_on_creation": "false",
                            "availability_zone": "us-east-1b",
                            "cidr_block": "10.100.11.0/24",
                            "id": "subnet-f7c2b4ad",
                            "map_public_ip_on_launch": "false",
                            "tags.%": "2",
                            "tags.Name": "private dev-blue - 1",
                            "tags.Owner": "josh",
                            "vpc_id": "vpc-abc58ed2"
                        },
                        "meta": {
                            "schema_version": "1"
                        },
                        "tainted": false
                    },
                    "deposed": [],
                    "provider": ""
                },
                "aws_subnet.public.0": {
                    "type": "aws_subnet",
                    "depends_on": [
                        "aws_vpc.default",
                        "data.aws_availability_zones.available"
                    ],
                    "primary": {
                        "id": "subnet-a30734eb",
                        "attributes": {
                            "assign_ipv6_address_on_creation": "false",
                            "availability_zone": "us-east-1a",
                            "cidr_block": "10.100.0.0/24",
                            "id": "subnet-a30734eb",
                            "map_public_ip_on_launch": "true",
                            "tags.%": "2",
                            "tags.Name": "public dev-blue - 0",
                            "tags.Owner": "josh",
                            "vpc_id": "vpc-abc58ed2"
                        },
                        "meta": {
                            "schema_version": "1"
                        },
                        "tainted": false
                    },
                    "deposed": [],
                    "provider": ""
                },
                "aws_subnet.public.1": {
                    "type": "aws_subnet",
                    "depends_on": [
                        "aws_vpc.default",
                        "data.aws_availability_zones.available"
                    ],
                    "primary": {
                        "id": "subnet-44d8ae1e",
                        "attributes": {
                            "assign_ipv6_address_on_creation": "false",
                            "availability_zone": "us-east-1b",
                            "cidr_block": "10.100.1.0/24",
                            "id": "subnet-44d8ae1e",
                            "map_public_ip_on_launch": "true",
                            "tags.%": "2",
                            "tags.Name": "public dev-blue - 1",
                            "tags.Owner": "josh",
                            "vpc_id": "vpc-abc58ed2"
                        },
                        "meta": {
                            "schema_version": "1"
                        },
                        "tainted": false
                    },
                    "deposed": [],
                    "provider": ""
                },
                "aws_vpc.default": {
                    "type": "aws_vpc",
                    "depends_on": [],
                    "primary": {
                        "id": "vpc-abc58ed2",
                        "attributes": {
                            "assign_generated_ipv6_cidr_block": "false",
                            "cidr_block": "10.100.0.0/16",
                            "default_network_acl_id": "acl-c5ee16bd",
                            "default_route_table_id": "rtb-a816f5d3",
                            "default_security_group_id": "sg-f32cfe83",
                            "dhcp_options_id": "dopt-30cb2457",
                            "enable_classiclink": "false",
                            "enable_dns_hostnames": "true",
                            "enable_dns_support": "true",
                            "id": "vpc-abc58ed2",
                            "instance_tenancy": "default",
                            "main_route_table_id": "rtb-a816f5d3",
                            "tags.%": "2",
                            "tags.Name": "dev-blue-vpc",
                            "tags.Owner": "josh"
                        },
                        "meta": {
                            "schema_version": "1"
                        },
                        "tainted": false
                    },
                    "deposed": [],
                    "provider": ""
                },
                "data.aws_availability_zones.available": {
                    "type": "aws_availability_zones",
                    "depends_on": [],
                    "primary": {
                        "id": "2017-08-13 18:05:50.72439722 +0000 UTC",
                        "attributes": {
                            "id": "2017-08-13 18:05:50.72439722 +0000 UTC",
                            "names.#": "6",
                            "names.0": "us-east-1a",
                            "names.1": "us-east-1b",
                            "names.2": "us-east-1c",
                            "names.3": "us-east-1d",
                            "names.4": "us-east-1e",
                            "names.5": "us-east-1f"
                        },
                        "meta": {},
                        "tainted": false
                    },
                    "deposed": [],
                    "provider": ""
                }
            },
            "depends_on": []
        },
        {
            "path": [
                "root",
                "sshkey"
            ],
            "outputs": {
                "key_path": {
                    "sensitive": false,
                    "type": "string",
                    "value": "/Users/josh/workspace/cloud5/keys/dev-blue.pem"
                },
                "public_key": {
                    "sensitive": false,
                    "type": "string",
                    "value": "ssh-rsa AAAAB3NzaC1yc2EAAAADAQABAAABAQDjrHRDtEaP06/H1xmZvXWBG+IEvm7TXWZsge7sljaX9W5s9sg7RRrNMDOzlOOog7o8LSs3QvO48rwZ7xUBdjh/+YjXfgKIhTjhDb8kkzpqHu7gY2C9K9GjZ3ZqJJNxkpRne6VU3bK3oRRwNg7uCtLHGgibq17nAd4Bb3iuc41acpiv611uEbeCurlASu3H84iAaD1Plkp1Fsv3wJfDAaixpuBq0jQ3pXktqvCKxipl0vjUTuBzErSGUY4Oaif+KEnCvH4Gjw+8XYAkenEHcDLITtczp+8E/wnQL8zZhYjMUmoI97Q8gQnCr/vUlIJEfzcGCN2THtzJnnSayB8BHqNV\n"
                }
            },
            "resources": {
                "data.null_data_source.keyinfo": {
                    "type": "null_data_source",
                    "depends_on": [],
                    "primary": {
                        "id": "static",
                        "attributes": {
                            "has_computed_default": "default",
                            "id": "static",
                            "inputs.%": "1",
                            "inputs.key_path": "/Users/josh/workspace/cloud5/keys/dev-blue.pem",
                            "outputs.%": "1",
                            "outputs.key_path": "/Users/josh/workspace/cloud5/keys/dev-blue.pem",
                            "random": "6532450723532710383"
                        },
                        "meta": {},
                        "tainted": false
                    },
                    "deposed": [],
                    "provider": ""
                },
                "tls_private_key.key": {
                    "type": "tls_private_key",
                    "depends_on": [
                        "data.null_data_source.keyinfo"
                    ],
                    "primary": {
                        "id": "1d6737bc3106be68dd41bdcb1d36e4f2ce80f4de",
                        "attributes": {
                            "algorithm": "RSA",
                            "ecdsa_curve": "P224",
                            "id": "1d6737bc3106be68dd41bdcb1d36e4f2ce80f4de",
                            "private_key_pem": "-----BEGIN RSA PRIVATE KEY-----\nMIIEowIBAAKCAQEA46x0Q7RGj9Ovx9cZmb11gRviBL5u011mbIHu7JY2l/VubPbI\nO0UazTAzs5TjqIO6PC0rN0LzuPK8Ge8VAXY4f/mI134CiIU44Q2/JJM6ah7u4GNg\nvSvRo2d2aiSTcZKUZ3ulVN2yt6EUcDYO7grSxxoIm6te5wHeAW94rnONWnKYr+td\nbhG3grq5QErtx/OIgGg9T5ZKdRbL98CXwwGosabgatI0N6V5LarwisYqZdL41E7g\ncxK0hlGODmon/ihJwrx+Bo8PvF2AJHpxB3AyyE7XM6fvBP8J0C/M2YWIzFJqCPe0\nPIEJwq/71JSCRH83Bgjdkx7cyZ50msgfAR6jVQIDAQABAoIBABNeDTnhMQt1H4Pp\neWUJp+BGxfBPXtAeJuNeHjwD/zroBu/AAoKAO2pvCkbhiIhCRGpwETgPOvpls7il\nDO1l6CKC0LA8KO0CIDeM2tC6sYJrhTiTW5xcCOZUm88ls2E67eLrssHIZjaWvk1Z\nW+XGB+4l+ct8RYNzNjZ7DBITBFhINDjL+TIFNrMI8jzNipNxiQYkLTMniFQKVxNp\nNqi43TFqTFZRhhxV3u7NPxZxovo6GHqqNhvkO4dmGHGBuoQ/pEs2kn3HEfzosas4\nJhFyS4nWeghY2iAdsXFoLA6Cx2NTBdEFp07ps4/iVXw33asd/PwDzPfUQU91hqat\nmxxmwDUCgYEA+nCuXyrR+ATFmQ7VAW3W7QXDopr6bzo06bnrUHfvLiz0VENNl6cq\nxKPiqfEjxlOF6beGZ5GW7dx+g9pe71sPmsxE2vWPWM08H4vO9n9oOXPWMcmmeSxy\nn4tt3veDTDliAD10f1o5db9fEPaHHq0kxfeZ7Wr6hjddN65Xu7SxGV8CgYEA6Lpi\ngnbvcrQc1Vs2H7yC/GI0aGif68fS6KLAG0J2FNcZmgoi1GifSmNLMl0r2phtiZcU\nkiG1ei3EiV8++KBtAyO0N9QtDDUIvPGrdyblKvZtiiVoV//0oE+ctpxPkb/gDz12\nbQRlre4yr4OqwnYT2+kQnuWMegi77eMbCJuNm8sCgYBvAa04v6ksDylqy3k81evz\nSZ/Knnks/hbgFqmoFFEvHXv7MY3eD5nUaXQZsaoSyYjM7K0lkRHeQuLNHOkBnVJQ\nYgSPLVMpoGbq8LR+7EBNXvvtO52PjlUMROghcYKAMdsvkg3mOR7JA1dnFG8V+NcY\n7MQMyWNcRIQMHzoCGHh7bwKBgQDMq74exsJmugfxiznaR0ta8nLsr7aVATN27ErO\nrnBye4lEc02WSDxui0yCinYa1JrgukGZEpQrUzzZIy6aMVwtuqSvxKWpaqq4oEEP\nlOFOG1LSf3t4iN12bw1/e5BuubQvMvqHfap+gFGLEdyHEJj+ecXoODCG0k+UMnp/\n421yaQKBgFDtfBQs/9p7hwMegwS53vQOJMEJo6xkUIdS6Q/6irycHcIXD6lDJFSV\nN4cuzIkEi5WAMMRJWAJM6SHV+hOzjKA8cjOEz1anGUhuWmVhn7d+uy8j4eIh7ii+\nu3FYcEJTC0Z2gCnwZO9BhrIDCHDOxvlrSJKgfDXcCaTqvOUCs4hH\n-----END RSA PRIVATE KEY-----\n",
                            "public_key_openssh": "ssh-rsa AAAAB3NzaC1yc2EAAAADAQABAAABAQDjrHRDtEaP06/H1xmZvXWBG+IEvm7TXWZsge7sljaX9W5s9sg7RRrNMDOzlOOog7o8LSs3QvO48rwZ7xUBdjh/+YjXfgKIhTjhDb8kkzpqHu7gY2C9K9GjZ3ZqJJNxkpRne6VU3bK3oRRwNg7uCtLHGgibq17nAd4Bb3iuc41acpiv611uEbeCurlASu3H84iAaD1Plkp1Fsv3wJfDAaixpuBq0jQ3pXktqvCKxipl0vjUTuBzErSGUY4Oaif+KEnCvH4Gjw+8XYAkenEHcDLITtczp+8E/wnQL8zZhYjMUmoI97Q8gQnCr/vUlIJEfzcGCN2THtzJnnSayB8BHqNV\n",
                            "public_key_pem": "-----BEGIN PUBLIC KEY-----\nMIIBIjANBgkqhkiG9w0BAQEFAAOCAQ8AMIIBCgKCAQEA46x0Q7RGj9Ovx9cZmb11\ngRviBL5u011mbIHu7JY2l/VubPbIO0UazTAzs5TjqIO6PC0rN0LzuPK8Ge8VAXY4\nf/mI134CiIU44Q2/JJM6ah7u4GNgvSvRo2d2aiSTcZKUZ3ulVN2yt6EUcDYO7grS\nxxoIm6te5wHeAW94rnONWnKYr+tdbhG3grq5QErtx/OIgGg9T5ZKdRbL98CXwwGo\nsabgatI0N6V5LarwisYqZdL41E7gcxK0hlGODmon/ihJwrx+Bo8PvF2AJHpxB3Ay\nyE7XM6fvBP8J0C/M2YWIzFJqCPe0PIEJwq/71JSCRH83Bgjdkx7cyZ50msgfAR6j\nVQIDAQAB\n-----END PUBLIC KEY-----\n",
                            "rsa_bits": "2048"
                        },
                        "meta": {},
                        "tainted": false
                    },
                    "deposed": [],
                    "provider": ""
                }
            },
            "depends_on": []
        }
    ]
}
